// !$*UTF8*$!
{
	archiveVersion = 1;
	classes = {
	};
	objectVersion = 56;
	objects = {

/* Begin PBXBuildFile section */
		1EE87ED92B02BC78005F1DE7 /* GameView.swift in Sources */ = {isa = PBXBuildFile; fileRef = 1EE87ED82B02BC78005F1DE7 /* GameView.swift */; };
		3CADAD1A2B01346E00D39C6A /* AppDelegate.swift in Sources */ = {isa = PBXBuildFile; fileRef = 3CADAD192B01346E00D39C6A /* AppDelegate.swift */; };
		3CADAD1C2B01346E00D39C6A /* SceneDelegate.swift in Sources */ = {isa = PBXBuildFile; fileRef = 3CADAD1B2B01346E00D39C6A /* SceneDelegate.swift */; };
		3CADAD1E2B01346E00D39C6A /* MainViewController.swift in Sources */ = {isa = PBXBuildFile; fileRef = 3CADAD1D2B01346E00D39C6A /* MainViewController.swift */; };
		3CADAD232B01346F00D39C6A /* Assets.xcassets in Resources */ = {isa = PBXBuildFile; fileRef = 3CADAD222B01346F00D39C6A /* Assets.xcassets */; };
		3CADAD262B01346F00D39C6A /* LaunchScreen.storyboard in Resources */ = {isa = PBXBuildFile; fileRef = 3CADAD242B01346F00D39C6A /* LaunchScreen.storyboard */; };
		3CADAD332B01377100D39C6A /* GameViewController.swift in Sources */ = {isa = PBXBuildFile; fileRef = 3CADAD322B01377100D39C6A /* GameViewController.swift */; };
		3CADAD362B01378500D39C6A /* RulesViewController.swift in Sources */ = {isa = PBXBuildFile; fileRef = 3CADAD352B01378500D39C6A /* RulesViewController.swift */; };
		3CADAD392B01379B00D39C6A /* ResultsViewController.swift in Sources */ = {isa = PBXBuildFile; fileRef = 3CADAD382B01379B00D39C6A /* ResultsViewController.swift */; };
		3CADAD3C2B0137CE00D39C6A /* SettingsViewController.swift in Sources */ = {isa = PBXBuildFile; fileRef = 3CADAD3B2B0137CE00D39C6A /* SettingsViewController.swift */; };
		3CADAD4E2B01563C00D39C6A /* UIColor + Extension.swift in Sources */ = {isa = PBXBuildFile; fileRef = 3CADAD4D2B01563C00D39C6A /* UIColor + Extension.swift */; };
		FA054BF32B029C91007DD777 /* MainView.swift in Sources */ = {isa = PBXBuildFile; fileRef = FA054BF22B029C91007DD777 /* MainView.swift */; };
		FA054BF82B029CB6007DD777 /* UIButton + Extension.swift in Sources */ = {isa = PBXBuildFile; fileRef = FA054BF42B029CB6007DD777 /* UIButton + Extension.swift */; };
		FA054BF92B029CB6007DD777 /* UILabel + Extension.swift in Sources */ = {isa = PBXBuildFile; fileRef = FA054BF52B029CB6007DD777 /* UILabel + Extension.swift */; };
		FA054BFA2B029CB6007DD777 /* UIImage + Extension.swift in Sources */ = {isa = PBXBuildFile; fileRef = FA054BF62B029CB6007DD777 /* UIImage + Extension.swift */; };
		FA054BFB2B029CB6007DD777 /* UIView + Extension.swift in Sources */ = {isa = PBXBuildFile; fileRef = FA054BF72B029CB6007DD777 /* UIView + Extension.swift */; };
/* End PBXBuildFile section */

/* Begin PBXFileReference section */
		1EE87ED82B02BC78005F1DE7 /* GameView.swift */ = {isa = PBXFileReference; fileEncoding = 4; lastKnownFileType = sourcecode.swift; path = GameView.swift; sourceTree = "<group>"; };
		3CADAD162B01346E00D39C6A /* Rainbow.app */ = {isa = PBXFileReference; explicitFileType = wrapper.application; includeInIndex = 0; path = Rainbow.app; sourceTree = BUILT_PRODUCTS_DIR; };
		3CADAD192B01346E00D39C6A /* AppDelegate.swift */ = {isa = PBXFileReference; lastKnownFileType = sourcecode.swift; path = AppDelegate.swift; sourceTree = "<group>"; };
		3CADAD1B2B01346E00D39C6A /* SceneDelegate.swift */ = {isa = PBXFileReference; lastKnownFileType = sourcecode.swift; path = SceneDelegate.swift; sourceTree = "<group>"; };
		3CADAD1D2B01346E00D39C6A /* MainViewController.swift */ = {isa = PBXFileReference; lastKnownFileType = sourcecode.swift; path = MainViewController.swift; sourceTree = "<group>"; };
		3CADAD222B01346F00D39C6A /* Assets.xcassets */ = {isa = PBXFileReference; lastKnownFileType = folder.assetcatalog; path = Assets.xcassets; sourceTree = "<group>"; };
		3CADAD252B01346F00D39C6A /* Base */ = {isa = PBXFileReference; lastKnownFileType = file.storyboard; name = Base; path = Base.lproj/LaunchScreen.storyboard; sourceTree = "<group>"; };
		3CADAD272B01346F00D39C6A /* Info.plist */ = {isa = PBXFileReference; lastKnownFileType = text.plist.xml; path = Info.plist; sourceTree = "<group>"; };
		3CADAD322B01377100D39C6A /* GameViewController.swift */ = {isa = PBXFileReference; lastKnownFileType = sourcecode.swift; path = GameViewController.swift; sourceTree = "<group>"; };
		3CADAD352B01378500D39C6A /* RulesViewController.swift */ = {isa = PBXFileReference; lastKnownFileType = sourcecode.swift; path = RulesViewController.swift; sourceTree = "<group>"; };
		3CADAD382B01379B00D39C6A /* ResultsViewController.swift */ = {isa = PBXFileReference; lastKnownFileType = sourcecode.swift; path = ResultsViewController.swift; sourceTree = "<group>"; };
		3CADAD3B2B0137CE00D39C6A /* SettingsViewController.swift */ = {isa = PBXFileReference; lastKnownFileType = sourcecode.swift; path = SettingsViewController.swift; sourceTree = "<group>"; };
		3CADAD4D2B01563C00D39C6A /* UIColor + Extension.swift */ = {isa = PBXFileReference; lastKnownFileType = sourcecode.swift; path = "UIColor + Extension.swift"; sourceTree = "<group>"; };
		FA054BF22B029C91007DD777 /* MainView.swift */ = {isa = PBXFileReference; lastKnownFileType = sourcecode.swift; path = MainView.swift; sourceTree = "<group>"; };
		FA054BF42B029CB6007DD777 /* UIButton + Extension.swift */ = {isa = PBXFileReference; fileEncoding = 4; lastKnownFileType = sourcecode.swift; path = "UIButton + Extension.swift"; sourceTree = "<group>"; };
		FA054BF52B029CB6007DD777 /* UILabel + Extension.swift */ = {isa = PBXFileReference; fileEncoding = 4; lastKnownFileType = sourcecode.swift; path = "UILabel + Extension.swift"; sourceTree = "<group>"; };
		FA054BF62B029CB6007DD777 /* UIImage + Extension.swift */ = {isa = PBXFileReference; fileEncoding = 4; lastKnownFileType = sourcecode.swift; path = "UIImage + Extension.swift"; sourceTree = "<group>"; };
		FA054BF72B029CB6007DD777 /* UIView + Extension.swift */ = {isa = PBXFileReference; fileEncoding = 4; lastKnownFileType = sourcecode.swift; path = "UIView + Extension.swift"; sourceTree = "<group>"; };
/* End PBXFileReference section */

/* Begin PBXFrameworksBuildPhase section */
		3CADAD132B01346E00D39C6A /* Frameworks */ = {
			isa = PBXFrameworksBuildPhase;
			buildActionMask = 2147483647;
			files = (
			);
			runOnlyForDeploymentPostprocessing = 0;
		};
/* End PBXFrameworksBuildPhase section */

/* Begin PBXGroup section */
		3CADAD0D2B01346E00D39C6A = {
			isa = PBXGroup;
			children = (
				3CADAD182B01346E00D39C6A /* Rainbow */,
				3CADAD172B01346E00D39C6A /* Products */,
			);
			sourceTree = "<group>";
		};
		3CADAD172B01346E00D39C6A /* Products */ = {
			isa = PBXGroup;
			children = (
				3CADAD162B01346E00D39C6A /* Rainbow.app */,
			);
			name = Products;
			sourceTree = "<group>";
		};
		3CADAD182B01346E00D39C6A /* Rainbow */ = {
			isa = PBXGroup;
			children = (
				3CADAD2D2B0136A000D39C6A /* App */,
				3CADAD4C2B01390500D39C6A /* Extension */,
				3CADAD2F2B01371500D39C6A /* Modules */,
				3CADAD2E2B0136AC00D39C6A /* SupportingFiles */,
				3CADAD272B01346F00D39C6A /* Info.plist */,
			);
			path = Rainbow;
			sourceTree = "<group>";
		};
		3CADAD2D2B0136A000D39C6A /* App */ = {
			isa = PBXGroup;
			children = (
				3CADAD192B01346E00D39C6A /* AppDelegate.swift */,
				3CADAD1B2B01346E00D39C6A /* SceneDelegate.swift */,
			);
			path = App;
			sourceTree = "<group>";
		};
		3CADAD2E2B0136AC00D39C6A /* SupportingFiles */ = {
			isa = PBXGroup;
			children = (
				3CADAD222B01346F00D39C6A /* Assets.xcassets */,
				3CADAD242B01346F00D39C6A /* LaunchScreen.storyboard */,
			);
			path = SupportingFiles;
			sourceTree = "<group>";
		};
		3CADAD2F2B01371500D39C6A /* Modules */ = {
			isa = PBXGroup;
			children = (
				3CADAD302B01373500D39C6A /* Main */,
				3CADAD312B01375B00D39C6A /* Game */,
				3CADAD342B01377500D39C6A /* Rules */,
				3CADAD372B01378E00D39C6A /* Results */,
				3CADAD3A2B0137C000D39C6A /* Settings */,
			);
			path = Modules;
			sourceTree = "<group>";
		};
		3CADAD302B01373500D39C6A /* Main */ = {
			isa = PBXGroup;
			children = (
				3CADAD492B01386B00D39C6A /* Model */,
				FA054BF12B029C86007DD777 /* View */,
				3CADAD4B2B01387500D39C6A /* Controller */,
			);
			path = Main;
			sourceTree = "<group>";
		};
		3CADAD312B01375B00D39C6A /* Game */ = {
			isa = PBXGroup;
			children = (
				FA054BFD2B02A347007DD777 /* Model */,
				FA054BFC2B02A343007DD777 /* View */,
				3CADAD482B01385D00D39C6A /* Controller */,
			);
			path = Game;
			sourceTree = "<group>";
		};
		3CADAD342B01377500D39C6A /* Rules */ = {
			isa = PBXGroup;
			children = (
				FA054BFF2B02A352007DD777 /* Model */,
				FA054BFE2B02A34E007DD777 /* View */,
				3CADAD452B01384400D39C6A /* Controller */,
			);
			path = Rules;
			sourceTree = "<group>";
		};
		3CADAD372B01378E00D39C6A /* Results */ = {
			isa = PBXGroup;
			children = (
				FA054C012B02A35D007DD777 /* Model */,
				FA054C002B02A358007DD777 /* View */,
				3CADAD422B01382900D39C6A /* Controller */,
			);
			path = Results;
			sourceTree = "<group>";
		};
		3CADAD3A2B0137C000D39C6A /* Settings */ = {
			isa = PBXGroup;
			children = (
				3CADAD3D2B0137FB00D39C6A /* Model */,
				3CADAD3E2B01380100D39C6A /* View */,
				3CADAD3F2B01380700D39C6A /* Controller */,
			);
			path = Settings;
			sourceTree = "<group>";
		};
		3CADAD3D2B0137FB00D39C6A /* Model */ = {
			isa = PBXGroup;
			children = (
			);
			path = Model;
			sourceTree = "<group>";
		};
		3CADAD3E2B01380100D39C6A /* View */ = {
			isa = PBXGroup;
			children = (
			);
			path = View;
			sourceTree = "<group>";
		};
		3CADAD3F2B01380700D39C6A /* Controller */ = {
			isa = PBXGroup;
			children = (
				3CADAD3B2B0137CE00D39C6A /* SettingsViewController.swift */,
			);
			path = Controller;
			sourceTree = "<group>";
		};
		3CADAD422B01382900D39C6A /* Controller */ = {
			isa = PBXGroup;
			children = (
				3CADAD382B01379B00D39C6A /* ResultsViewController.swift */,
			);
			path = Controller;
			sourceTree = "<group>";
		};
		3CADAD452B01384400D39C6A /* Controller */ = {
			isa = PBXGroup;
			children = (
				3CADAD352B01378500D39C6A /* RulesViewController.swift */,
			);
			path = Controller;
			sourceTree = "<group>";
		};
		3CADAD482B01385D00D39C6A /* Controller */ = {
			isa = PBXGroup;
			children = (
				3CADAD322B01377100D39C6A /* GameViewController.swift */,
			);
			path = Controller;
			sourceTree = "<group>";
		};
		3CADAD492B01386B00D39C6A /* Model */ = {
			isa = PBXGroup;
			children = (
			);
			name = Model;
			path = Controller;
			sourceTree = "<group>";
		};
		3CADAD4B2B01387500D39C6A /* Controller */ = {
			isa = PBXGroup;
			children = (
				3CADAD1D2B01346E00D39C6A /* MainViewController.swift */,
			);
			path = Controller;
			sourceTree = "<group>";
		};
		3CADAD4C2B01390500D39C6A /* Extension */ = {
			isa = PBXGroup;
			children = (
				FA054BF42B029CB6007DD777 /* UIButton + Extension.swift */,
				FA054BF62B029CB6007DD777 /* UIImage + Extension.swift */,
				FA054BF52B029CB6007DD777 /* UILabel + Extension.swift */,
				FA054BF72B029CB6007DD777 /* UIView + Extension.swift */,
				3CADAD4D2B01563C00D39C6A /* UIColor + Extension.swift */,
			);
			path = Extension;
			sourceTree = "<group>";
		};
		FA054BF12B029C86007DD777 /* View */ = {
			isa = PBXGroup;
			children = (
				FA054BF22B029C91007DD777 /* MainView.swift */,
			);
			path = View;
			sourceTree = "<group>";
		};
		FA054BFC2B02A343007DD777 /* View */ = {
			isa = PBXGroup;
			children = (
				1EE87ED82B02BC78005F1DE7 /* GameView.swift */,
			);
			path = View;
			sourceTree = "<group>";
		};
		FA054BFD2B02A347007DD777 /* Model */ = {
			isa = PBXGroup;
			children = (
			);
			path = Model;
			sourceTree = "<group>";
		};
		FA054BFE2B02A34E007DD777 /* View */ = {
			isa = PBXGroup;
			children = (
			);
			path = View;
			sourceTree = "<group>";
		};
		FA054BFF2B02A352007DD777 /* Model */ = {
			isa = PBXGroup;
			children = (
			);
			path = Model;
			sourceTree = "<group>";
		};
		FA054C002B02A358007DD777 /* View */ = {
			isa = PBXGroup;
			children = (
			);
			path = View;
			sourceTree = "<group>";
		};
		FA054C012B02A35D007DD777 /* Model */ = {
			isa = PBXGroup;
			children = (
			);
			path = Model;
			sourceTree = "<group>";
		};
/* End PBXGroup section */

/* Begin PBXNativeTarget section */
		3CADAD152B01346E00D39C6A /* Rainbow */ = {
			isa = PBXNativeTarget;
			buildConfigurationList = 3CADAD2A2B01346F00D39C6A /* Build configuration list for PBXNativeTarget "Rainbow" */;
			buildPhases = (
				3CADAD122B01346E00D39C6A /* Sources */,
				3CADAD132B01346E00D39C6A /* Frameworks */,
				3CADAD142B01346E00D39C6A /* Resources */,
			);
			buildRules = (
			);
			dependencies = (
			);
			name = Rainbow;
			productName = Rainbow;
			productReference = 3CADAD162B01346E00D39C6A /* Rainbow.app */;
			productType = "com.apple.product-type.application";
		};
/* End PBXNativeTarget section */

/* Begin PBXProject section */
		3CADAD0E2B01346E00D39C6A /* Project object */ = {
			isa = PBXProject;
			attributes = {
				BuildIndependentTargetsInParallel = 1;
				LastSwiftUpdateCheck = 1430;
				LastUpgradeCheck = 1430;
				TargetAttributes = {
					3CADAD152B01346E00D39C6A = {
						CreatedOnToolsVersion = 14.3.1;
					};
				};
			};
			buildConfigurationList = 3CADAD112B01346E00D39C6A /* Build configuration list for PBXProject "Rainbow" */;
			compatibilityVersion = "Xcode 14.0";
			developmentRegion = en;
			hasScannedForEncodings = 0;
			knownRegions = (
				en,
				Base,
			);
			mainGroup = 3CADAD0D2B01346E00D39C6A;
			productRefGroup = 3CADAD172B01346E00D39C6A /* Products */;
			projectDirPath = "";
			projectRoot = "";
			targets = (
				3CADAD152B01346E00D39C6A /* Rainbow */,
			);
		};
/* End PBXProject section */

/* Begin PBXResourcesBuildPhase section */
		3CADAD142B01346E00D39C6A /* Resources */ = {
			isa = PBXResourcesBuildPhase;
			buildActionMask = 2147483647;
			files = (
				3CADAD262B01346F00D39C6A /* LaunchScreen.storyboard in Resources */,
				3CADAD232B01346F00D39C6A /* Assets.xcassets in Resources */,
			);
			runOnlyForDeploymentPostprocessing = 0;
		};
/* End PBXResourcesBuildPhase section */

/* Begin PBXSourcesBuildPhase section */
		3CADAD122B01346E00D39C6A /* Sources */ = {
			isa = PBXSourcesBuildPhase;
			buildActionMask = 2147483647;
			files = (
				3CADAD362B01378500D39C6A /* RulesViewController.swift in Sources */,
				FA054BF82B029CB6007DD777 /* UIButton + Extension.swift in Sources */,
				FA054BF32B029C91007DD777 /* MainView.swift in Sources */,
				3CADAD4E2B01563C00D39C6A /* UIColor + Extension.swift in Sources */,
				3CADAD332B01377100D39C6A /* GameViewController.swift in Sources */,
				3CADAD3C2B0137CE00D39C6A /* SettingsViewController.swift in Sources */,
				1EE87ED92B02BC78005F1DE7 /* GameView.swift in Sources */,
				FA054BF92B029CB6007DD777 /* UILabel + Extension.swift in Sources */,
				3CADAD1E2B01346E00D39C6A /* MainViewController.swift in Sources */,
				3CADAD1A2B01346E00D39C6A /* AppDelegate.swift in Sources */,
				3CADAD1C2B01346E00D39C6A /* SceneDelegate.swift in Sources */,
				3CADAD392B01379B00D39C6A /* ResultsViewController.swift in Sources */,
				FA054BFA2B029CB6007DD777 /* UIImage + Extension.swift in Sources */,
				FA054BFB2B029CB6007DD777 /* UIView + Extension.swift in Sources */,
			);
			runOnlyForDeploymentPostprocessing = 0;
		};
/* End PBXSourcesBuildPhase section */

/* Begin PBXVariantGroup section */
		3CADAD242B01346F00D39C6A /* LaunchScreen.storyboard */ = {
			isa = PBXVariantGroup;
			children = (
				3CADAD252B01346F00D39C6A /* Base */,
			);
			name = LaunchScreen.storyboard;
			sourceTree = "<group>";
		};
/* End PBXVariantGroup section */

/* Begin XCBuildConfiguration section */
		3CADAD282B01346F00D39C6A /* Debug */ = {
			isa = XCBuildConfiguration;
			buildSettings = {
				ALWAYS_SEARCH_USER_PATHS = NO;
				CLANG_ANALYZER_NONNULL = YES;
				CLANG_ANALYZER_NUMBER_OBJECT_CONVERSION = YES_AGGRESSIVE;
				CLANG_CXX_LANGUAGE_STANDARD = "gnu++20";
				CLANG_ENABLE_MODULES = YES;
				CLANG_ENABLE_OBJC_ARC = YES;
				CLANG_ENABLE_OBJC_WEAK = YES;
				CLANG_WARN_BLOCK_CAPTURE_AUTORELEASING = YES;
				CLANG_WARN_BOOL_CONVERSION = YES;
				CLANG_WARN_COMMA = YES;
				CLANG_WARN_CONSTANT_CONVERSION = YES;
				CLANG_WARN_DEPRECATED_OBJC_IMPLEMENTATIONS = YES;
				CLANG_WARN_DIRECT_OBJC_ISA_USAGE = YES_ERROR;
				CLANG_WARN_DOCUMENTATION_COMMENTS = YES;
				CLANG_WARN_EMPTY_BODY = YES;
				CLANG_WARN_ENUM_CONVERSION = YES;
				CLANG_WARN_INFINITE_RECURSION = YES;
				CLANG_WARN_INT_CONVERSION = YES;
				CLANG_WARN_NON_LITERAL_NULL_CONVERSION = YES;
				CLANG_WARN_OBJC_IMPLICIT_RETAIN_SELF = YES;
				CLANG_WARN_OBJC_LITERAL_CONVERSION = YES;
				CLANG_WARN_OBJC_ROOT_CLASS = YES_ERROR;
				CLANG_WARN_QUOTED_INCLUDE_IN_FRAMEWORK_HEADER = YES;
				CLANG_WARN_RANGE_LOOP_ANALYSIS = YES;
				CLANG_WARN_STRICT_PROTOTYPES = YES;
				CLANG_WARN_SUSPICIOUS_MOVE = YES;
				CLANG_WARN_UNGUARDED_AVAILABILITY = YES_AGGRESSIVE;
				CLANG_WARN_UNREACHABLE_CODE = YES;
				CLANG_WARN__DUPLICATE_METHOD_MATCH = YES;
				COPY_PHASE_STRIP = NO;
				DEBUG_INFORMATION_FORMAT = dwarf;
				ENABLE_STRICT_OBJC_MSGSEND = YES;
				ENABLE_TESTABILITY = YES;
				GCC_C_LANGUAGE_STANDARD = gnu11;
				GCC_DYNAMIC_NO_PIC = NO;
				GCC_NO_COMMON_BLOCKS = YES;
				GCC_OPTIMIZATION_LEVEL = 0;
				GCC_PREPROCESSOR_DEFINITIONS = (
					"DEBUG=1",
					"$(inherited)",
				);
				GCC_WARN_64_TO_32_BIT_CONVERSION = YES;
				GCC_WARN_ABOUT_RETURN_TYPE = YES_ERROR;
				GCC_WARN_UNDECLARED_SELECTOR = YES;
				GCC_WARN_UNINITIALIZED_AUTOS = YES_AGGRESSIVE;
				GCC_WARN_UNUSED_FUNCTION = YES;
				GCC_WARN_UNUSED_VARIABLE = YES;
				IPHONEOS_DEPLOYMENT_TARGET = 16.4;
				MTL_ENABLE_DEBUG_INFO = INCLUDE_SOURCE;
				MTL_FAST_MATH = YES;
				ONLY_ACTIVE_ARCH = YES;
				SDKROOT = iphoneos;
				SWIFT_ACTIVE_COMPILATION_CONDITIONS = DEBUG;
				SWIFT_OPTIMIZATION_LEVEL = "-Onone";
			};
			name = Debug;
		};
		3CADAD292B01346F00D39C6A /* Release */ = {
			isa = XCBuildConfiguration;
			buildSettings = {
				ALWAYS_SEARCH_USER_PATHS = NO;
				CLANG_ANALYZER_NONNULL = YES;
				CLANG_ANALYZER_NUMBER_OBJECT_CONVERSION = YES_AGGRESSIVE;
				CLANG_CXX_LANGUAGE_STANDARD = "gnu++20";
				CLANG_ENABLE_MODULES = YES;
				CLANG_ENABLE_OBJC_ARC = YES;
				CLANG_ENABLE_OBJC_WEAK = YES;
				CLANG_WARN_BLOCK_CAPTURE_AUTORELEASING = YES;
				CLANG_WARN_BOOL_CONVERSION = YES;
				CLANG_WARN_COMMA = YES;
				CLANG_WARN_CONSTANT_CONVERSION = YES;
				CLANG_WARN_DEPRECATED_OBJC_IMPLEMENTATIONS = YES;
				CLANG_WARN_DIRECT_OBJC_ISA_USAGE = YES_ERROR;
				CLANG_WARN_DOCUMENTATION_COMMENTS = YES;
				CLANG_WARN_EMPTY_BODY = YES;
				CLANG_WARN_ENUM_CONVERSION = YES;
				CLANG_WARN_INFINITE_RECURSION = YES;
				CLANG_WARN_INT_CONVERSION = YES;
				CLANG_WARN_NON_LITERAL_NULL_CONVERSION = YES;
				CLANG_WARN_OBJC_IMPLICIT_RETAIN_SELF = YES;
				CLANG_WARN_OBJC_LITERAL_CONVERSION = YES;
				CLANG_WARN_OBJC_ROOT_CLASS = YES_ERROR;
				CLANG_WARN_QUOTED_INCLUDE_IN_FRAMEWORK_HEADER = YES;
				CLANG_WARN_RANGE_LOOP_ANALYSIS = YES;
				CLANG_WARN_STRICT_PROTOTYPES = YES;
				CLANG_WARN_SUSPICIOUS_MOVE = YES;
				CLANG_WARN_UNGUARDED_AVAILABILITY = YES_AGGRESSIVE;
				CLANG_WARN_UNREACHABLE_CODE = YES;
				CLANG_WARN__DUPLICATE_METHOD_MATCH = YES;
				COPY_PHASE_STRIP = NO;
				DEBUG_INFORMATION_FORMAT = "dwarf-with-dsym";
				ENABLE_NS_ASSERTIONS = NO;
				ENABLE_STRICT_OBJC_MSGSEND = YES;
				GCC_C_LANGUAGE_STANDARD = gnu11;
				GCC_NO_COMMON_BLOCKS = YES;
				GCC_WARN_64_TO_32_BIT_CONVERSION = YES;
				GCC_WARN_ABOUT_RETURN_TYPE = YES_ERROR;
				GCC_WARN_UNDECLARED_SELECTOR = YES;
				GCC_WARN_UNINITIALIZED_AUTOS = YES_AGGRESSIVE;
				GCC_WARN_UNUSED_FUNCTION = YES;
				GCC_WARN_UNUSED_VARIABLE = YES;
				IPHONEOS_DEPLOYMENT_TARGET = 16.4;
				MTL_ENABLE_DEBUG_INFO = NO;
				MTL_FAST_MATH = YES;
				SDKROOT = iphoneos;
				SWIFT_COMPILATION_MODE = wholemodule;
				SWIFT_OPTIMIZATION_LEVEL = "-O";
				VALIDATE_PRODUCT = YES;
			};
			name = Release;
		};
		3CADAD2B2B01346F00D39C6A /* Debug */ = {
			isa = XCBuildConfiguration;
			buildSettings = {
				ASSETCATALOG_COMPILER_APPICON_NAME = AppIcon;
				ASSETCATALOG_COMPILER_GLOBAL_ACCENT_COLOR_NAME = AccentColor;
				CODE_SIGN_STYLE = Automatic;
				CURRENT_PROJECT_VERSION = 1;
				DEVELOPMENT_TEAM = T22G8674NU;
				GENERATE_INFOPLIST_FILE = YES;
				INFOPLIST_FILE = Rainbow/Info.plist;
				INFOPLIST_KEY_UIApplicationSupportsIndirectInputEvents = YES;
				INFOPLIST_KEY_UILaunchStoryboardName = LaunchScreen;
				INFOPLIST_KEY_UISupportedInterfaceOrientations_iPad = "UIInterfaceOrientationPortrait UIInterfaceOrientationPortraitUpsideDown UIInterfaceOrientationLandscapeLeft UIInterfaceOrientationLandscapeRight";
				INFOPLIST_KEY_UISupportedInterfaceOrientations_iPhone = "UIInterfaceOrientationPortrait UIInterfaceOrientationLandscapeLeft UIInterfaceOrientationLandscapeRight";
				IPHONEOS_DEPLOYMENT_TARGET = 17.0;
				LD_RUNPATH_SEARCH_PATHS = (
					"$(inherited)",
					"@executable_path/Frameworks",
				);
				MARKETING_VERSION = 1.0;
				PRODUCT_BUNDLE_IDENTIFIER = KirillTaraturin.Rainbow;
				PRODUCT_NAME = "$(TARGET_NAME)";
				SWIFT_EMIT_LOC_STRINGS = YES;
				SWIFT_VERSION = 5.0;
				TARGETED_DEVICE_FAMILY = "1,2";
			};
			name = Debug;
		};
		3CADAD2C2B01346F00D39C6A /* Release */ = {
			isa = XCBuildConfiguration;
			buildSettings = {
				ASSETCATALOG_COMPILER_APPICON_NAME = AppIcon;
				ASSETCATALOG_COMPILER_GLOBAL_ACCENT_COLOR_NAME = AccentColor;
				CODE_SIGN_STYLE = Automatic;
				CURRENT_PROJECT_VERSION = 1;
				DEVELOPMENT_TEAM = T22G8674NU;
				GENERATE_INFOPLIST_FILE = YES;
				INFOPLIST_FILE = Rainbow/Info.plist;
				INFOPLIST_KEY_UIApplicationSupportsIndirectInputEvents = YES;
				INFOPLIST_KEY_UILaunchStoryboardName = LaunchScreen;
				INFOPLIST_KEY_UISupportedInterfaceOrientations_iPad = "UIInterfaceOrientationPortrait UIInterfaceOrientationPortraitUpsideDown UIInterfaceOrientationLandscapeLeft UIInterfaceOrientationLandscapeRight";
				INFOPLIST_KEY_UISupportedInterfaceOrientations_iPhone = "UIInterfaceOrientationPortrait UIInterfaceOrientationLandscapeLeft UIInterfaceOrientationLandscapeRight";
				IPHONEOS_DEPLOYMENT_TARGET = 17.0;
				LD_RUNPATH_SEARCH_PATHS = (
					"$(inherited)",
					"@executable_path/Frameworks",
				);
				MARKETING_VERSION = 1.0;
				PRODUCT_BUNDLE_IDENTIFIER = KirillTaraturin.Rainbow;
				PRODUCT_NAME = "$(TARGET_NAME)";
				SWIFT_EMIT_LOC_STRINGS = YES;
				SWIFT_VERSION = 5.0;
				TARGETED_DEVICE_FAMILY = "1,2";
			};
			name = Release;
		};
/* End XCBuildConfiguration section */

/* Begin XCConfigurationList section */
		3CADAD112B01346E00D39C6A /* Build configuration list for PBXProject "Rainbow" */ = {
			isa = XCConfigurationList;
			buildConfigurations = (
				3CADAD282B01346F00D39C6A /* Debug */,
				3CADAD292B01346F00D39C6A /* Release */,
			);
			defaultConfigurationIsVisible = 0;
			defaultConfigurationName = Release;
		};
		3CADAD2A2B01346F00D39C6A /* Build configuration list for PBXNativeTarget "Rainbow" */ = {
			isa = XCConfigurationList;
			buildConfigurations = (
				3CADAD2B2B01346F00D39C6A /* Debug */,
				3CADAD2C2B01346F00D39C6A /* Release */,
			);
			defaultConfigurationIsVisible = 0;
			defaultConfigurationName = Release;
		};
/* End XCConfigurationList section */
	};
	rootObject = 3CADAD0E2B01346E00D39C6A /* Project object */;
}
